# This file is automatically @generated by Cargo.
# It is not intended for manual editing.
version = 3

[[package]]
name = "day-2021-01"
version = "0.1.0"

[[package]]
name = "day-2021-02"
version = "0.1.0"

[[package]]
name = "day-2021-03"
version = "0.1.0"

[[package]]
name = "day-2021-04"
version = "0.1.0"

[[package]]
name = "day-2021-05"
version = "0.1.0"

[[package]]
name = "day-2021-06"
version = "0.1.0"

[[package]]
name = "day-2021-07"
version = "0.1.0"

[[package]]
name = "day-2021-08"
version = "0.1.0"

[[package]]
name = "day-2021-09"
version = "0.1.0"

[[package]]
name = "day-2021-14"
version = "0.1.0"

[[package]]
name = "day-2021-15"
version = "0.1.0"

[[package]]
name = "day-2021-16"
version = "0.1.0"

[[package]]
name = "day-2021-17"
version = "0.1.0"

[[package]]
name = "day-2021-18"
version = "0.1.0"
